
Microsoft Visual Studio Solution File, Format Version 12.00
# Visual Studio Version 17
VisualStudioVersion = 17.10.34928.147
MinimumVisualStudioVersion = 10.0.40219.1
Project("{FAE04EC0-301F-11D3-BF4B-00C04F79EFBC}") = "FindPositionInAlphabet", "FindPositionInAlphabet\FindPositionInAlphabet.csproj", "{C3B9FAFE-75F1-4688-B9C3-80FF32DA7658}"
EndProject
Project("{9A19103F-16F7-4668-BE54-9A1E7A4F7556}") = "UnitTestsHillelCourseComponent", "UnitTestsHillelCourseComponent\UnitTestsHillelCourseComponent.csproj", "{B9B7B906-5645-41CB-82F0-0A6CEE704BF8}"
EndProject
Project("{FAE04EC0-301F-11D3-BF4B-00C04F79EFBC}") = "ConvertNumberToWords", "ConvertNumberToWords\ConvertNumberToWords.csproj", "{75B41AE7-1A11-44B0-B80C-FB64D97CDA97}"
EndProject
Project("{FAE04EC0-301F-11D3-BF4B-00C04F79EFBC}") = "SymmetricEncryption", "SymmetricEncryption\SymmetricEncryption.csproj", "{41CC002B-AE97-40E7-A6A9-9B7EA1926BA6}"
EndProject
Project("{FAE04EC0-301F-11D3-BF4B-00C04F79EFBC}") = "StringGenerator", "StringGenerator\StringGenerator.csproj", "{D81C1306-988B-4635-B185-959EF3A28A24}"
EndProject
Project("{FAE04EC0-301F-11D3-BF4B-00C04F79EFBC}") = "ReverseString", "ReverseString\ReverseString.csproj", "{F4D8706B-FBDC-4C7A-A89F-02280EE44D05}"
EndProject
Project("{2150E333-8FDC-42A3-9474-1A3956D46DE8}") = "Solution Items", "Solution Items", "{3224711B-E870-439E-B984-B9F59A678E79}"
	ProjectSection(SolutionItems) = preProject
		.gitignore = .gitignore
	EndProjectSection
EndProject
Global
	GlobalSection(SolutionConfigurationPlatforms) = preSolution
		Debug|Any CPU = Debug|Any CPU
		Release|Any CPU = Release|Any CPU
	EndGlobalSection
	GlobalSection(ProjectConfigurationPlatforms) = postSolution
		{C3B9FAFE-75F1-4688-B9C3-80FF32DA7658}.Debug|Any CPU.ActiveCfg = Debug|Any CPU
		{C3B9FAFE-75F1-4688-B9C3-80FF32DA7658}.Debug|Any CPU.Build.0 = Debug|Any CPU
		{C3B9FAFE-75F1-4688-B9C3-80FF32DA7658}.Release|Any CPU.ActiveCfg = Release|Any CPU
		{C3B9FAFE-75F1-4688-B9C3-80FF32DA7658}.Release|Any CPU.Build.0 = Release|Any CPU
		{B9B7B906-5645-41CB-82F0-0A6CEE704BF8}.Debug|Any CPU.ActiveCfg = Debug|Any CPU
		{B9B7B906-5645-41CB-82F0-0A6CEE704BF8}.Debug|Any CPU.Build.0 = Debug|Any CPU
		{B9B7B906-5645-41CB-82F0-0A6CEE704BF8}.Release|Any CPU.ActiveCfg = Release|Any CPU
		{B9B7B906-5645-41CB-82F0-0A6CEE704BF8}.Release|Any CPU.Build.0 = Release|Any CPU
		{75B41AE7-1A11-44B0-B80C-FB64D97CDA97}.Debug|Any CPU.ActiveCfg = Debug|Any CPU
		{75B41AE7-1A11-44B0-B80C-FB64D97CDA97}.Debug|Any CPU.Build.0 = Debug|Any CPU
		{75B41AE7-1A11-44B0-B80C-FB64D97CDA97}.Release|Any CPU.ActiveCfg = Release|Any CPU
		{75B41AE7-1A11-44B0-B80C-FB64D97CDA97}.Release|Any CPU.Build.0 = Release|Any CPU
		{41CC002B-AE97-40E7-A6A9-9B7EA1926BA6}.Debug|Any CPU.ActiveCfg = Debug|Any CPU
		{41CC002B-AE97-40E7-A6A9-9B7EA1926BA6}.Debug|Any CPU.Build.0 = Debug|Any CPU
		{41CC002B-AE97-40E7-A6A9-9B7EA1926BA6}.Release|Any CPU.ActiveCfg = Release|Any CPU
		{41CC002B-AE97-40E7-A6A9-9B7EA1926BA6}.Release|Any CPU.Build.0 = Release|Any CPU
		{D81C1306-988B-4635-B185-959EF3A28A24}.Debug|Any CPU.ActiveCfg = Debug|Any CPU
		{D81C1306-988B-4635-B185-959EF3A28A24}.Debug|Any CPU.Build.0 = Debug|Any CPU
		{D81C1306-988B-4635-B185-959EF3A28A24}.Release|Any CPU.ActiveCfg = Release|Any CPU
		{D81C1306-988B-4635-B185-959EF3A28A24}.Release|Any CPU.Build.0 = Release|Any CPU
		{F4D8706B-FBDC-4C7A-A89F-02280EE44D05}.Debug|Any CPU.ActiveCfg = Debug|Any CPU
		{F4D8706B-FBDC-4C7A-A89F-02280EE44D05}.Debug|Any CPU.Build.0 = Debug|Any CPU
		{F4D8706B-FBDC-4C7A-A89F-02280EE44D05}.Release|Any CPU.ActiveCfg = Release|Any CPU
		{F4D8706B-FBDC-4C7A-A89F-02280EE44D05}.Release|Any CPU.Build.0 = Release|Any CPU
	EndGlobalSection
	GlobalSection(SolutionProperties) = preSolution
		HideSolutionNode = FALSE
	EndGlobalSection
	GlobalSection(ExtensibilityGlobals) = postSolution
		SolutionGuid = {47A6BC30-09A1-4A30-BD8B-C697E3B6763C}
	EndGlobalSection
EndGlobal
